
Microsoft Visual Studio Solution File, Format Version 12.00
# Visual Studio 15
VisualStudioVersion = 15.0.27703.2047
MinimumVisualStudioVersion = 10.0.40219.1
Project("{FAE04EC0-301F-11D3-BF4B-00C04F79EFBC}") = "VoIPSteganography", "VoIPSteganography.csproj", "{2BD8277F-3F68-470F-ADB2-04347EF63989}"
EndProject
Global
	GlobalSection(SolutionConfigurationPlatforms) = preSolution
		Debug|Any CPU = Debug|Any CPU
		Release|Any CPU = Release|Any CPU
	EndGlobalSection
	GlobalSection(ProjectConfigurationPlatforms) = postSolution
		{2BD8277F-3F68-470F-ADB2-04347EF63989}.Debug|Any CPU.ActiveCfg = Debug|Any CPU
		{2BD8277F-3F68-470F-ADB2-04347EF63989}.Debug|Any CPU.Build.0 = Debug|Any CPU
		{2BD8277F-3F68-470F-ADB2-04347EF63989}.Release|Any CPU.ActiveCfg = Release|Any CPU
		{2BD8277F-3F68-470F-ADB2-04347EF63989}.Release|Any CPU.Build.0 = Release|Any CPU
	EndGlobalSection
	GlobalSection(SolutionProperties) = preSolution
		HideSolutionNode = FALSE
	EndGlobalSection
	GlobalSection(ExtensibilityGlobals) = postSolution
		SolutionGuid = {60D97A94-A818-42E8-B204-CA66B144857F}
	EndGlobalSection
EndGlobal
